
Microsoft Visual Studio Solution File, Format Version 12.00
# Visual Studio 15
VisualStudioVersion = 15.0.26228.9
MinimumVisualStudioVersion = 10.0.40219.1
Project("{FAE04EC0-301F-11D3-BF4B-00C04F79EFBC}") = "NumberGuessingGame", "NumberGuessingGame\NumberGuessingGame.csproj", "{A26A5765-8A7D-4750-83A4-93A7E4F9F3C3}"
EndProject
Global
	GlobalSection(SolutionConfigurationPlatforms) = preSolution
		Debug|Any CPU = Debug|Any CPU
		Release|Any CPU = Release|Any CPU
	EndGlobalSection
	GlobalSection(ProjectConfigurationPlatforms) = postSolution
		{A26A5765-8A7D-4750-83A4-93A7E4F9F3C3}.Debug|Any CPU.ActiveCfg = Debug|Any CPU
		{A26A5765-8A7D-4750-83A4-93A7E4F9F3C3}.Debug|Any CPU.Build.0 = Debug|Any CPU
		{A26A5765-8A7D-4750-83A4-93A7E4F9F3C3}.Release|Any CPU.ActiveCfg = Release|Any CPU
		{A26A5765-8A7D-4750-83A4-93A7E4F9F3C3}.Release|Any CPU.Build.0 = Release|Any CPU
	EndGlobalSection
	GlobalSection(SolutionProperties) = preSolution
		HideSolutionNode = FALSE
	EndGlobalSection
EndGlobal
